
Microsoft Visual Studio Solution File, Format Version 12.00
# Visual Studio 11
Project("{FAE04EC0-301F-11D3-BF4B-00C04F79EFBC}") = "ArtekSoftware.Conference.RemoteData.WP7", "ArtekSoftware.Conference.RemoteData.WP7\ArtekSoftware.Conference.RemoteData.WP7.csproj", "{8A8A7CC8-56A7-4B53-8C45-3A6A7B09F7E3}"
EndProject
Project("{FAE04EC0-301F-11D3-BF4B-00C04F79EFBC}") = "ArtekSoftware.Conference.Common.WP7", "ArtekSoftware.Conference.Common.WP7\ArtekSoftware.Conference.Common.WP7.csproj", "{9C223141-FEAE-4D10-A2F8-949A82DC67CC}"
EndProject
Project("{FAE04EC0-301F-11D3-BF4B-00C04F79EFBC}") = "ArtekSoftware.Conference.RemoteData.WP7.Tests.Unit", "ArtekSoftware.Conference.RemoteData.WP7.Tests.Unit\ArtekSoftware.Conference.RemoteData.WP7.Tests.Unit.csproj", "{0510DF0A-1BCE-465D-93D4-9FA549C9FB27}"
EndProject
Project("{FAE04EC0-301F-11D3-BF4B-00C04F79EFBC}") = "ArtekSoftware.Conference.RemoteData.WP7.Tests.Int", "ArtekSoftware.Conference.RemoteData.WP7.Tests.Int\ArtekSoftware.Conference.RemoteData.WP7.Tests.Int.csproj", "{36AF85D9-9E6C-4746-93C0-3BD890B35045}"
EndProject
Project("{FAE04EC0-301F-11D3-BF4B-00C04F79EFBC}") = "ArtekSoftware.Conference.LocalData.WP7", "ArtekSoftware.Conference.LocalData.WP7\ArtekSoftware.Conference.LocalData.WP7.csproj", "{8FE5D017-E3AB-4766-B4B4-4C0867074D07}"
EndProject
Global
	GlobalSection(SolutionConfigurationPlatforms) = preSolution
		Debug|Any CPU = Debug|Any CPU
		Release|Any CPU = Release|Any CPU
	EndGlobalSection
	GlobalSection(ProjectConfigurationPlatforms) = postSolution
		{0510DF0A-1BCE-465D-93D4-9FA549C9FB27}.Debug|Any CPU.ActiveCfg = Debug|Any CPU
		{0510DF0A-1BCE-465D-93D4-9FA549C9FB27}.Debug|Any CPU.Build.0 = Debug|Any CPU
		{0510DF0A-1BCE-465D-93D4-9FA549C9FB27}.Release|Any CPU.ActiveCfg = Release|Any CPU
		{0510DF0A-1BCE-465D-93D4-9FA549C9FB27}.Release|Any CPU.Build.0 = Release|Any CPU
		{36AF85D9-9E6C-4746-93C0-3BD890B35045}.Debug|Any CPU.ActiveCfg = Debug|Any CPU
		{36AF85D9-9E6C-4746-93C0-3BD890B35045}.Debug|Any CPU.Build.0 = Debug|Any CPU
		{36AF85D9-9E6C-4746-93C0-3BD890B35045}.Release|Any CPU.ActiveCfg = Release|Any CPU
		{36AF85D9-9E6C-4746-93C0-3BD890B35045}.Release|Any CPU.Build.0 = Release|Any CPU
		{8A8A7CC8-56A7-4B53-8C45-3A6A7B09F7E3}.Debug|Any CPU.ActiveCfg = Debug|Any CPU
		{8A8A7CC8-56A7-4B53-8C45-3A6A7B09F7E3}.Debug|Any CPU.Build.0 = Debug|Any CPU
		{8A8A7CC8-56A7-4B53-8C45-3A6A7B09F7E3}.Release|Any CPU.ActiveCfg = Release|Any CPU
		{8A8A7CC8-56A7-4B53-8C45-3A6A7B09F7E3}.Release|Any CPU.Build.0 = Release|Any CPU
		{8FE5D017-E3AB-4766-B4B4-4C0867074D07}.Debug|Any CPU.ActiveCfg = Debug|Any CPU
		{8FE5D017-E3AB-4766-B4B4-4C0867074D07}.Debug|Any CPU.Build.0 = Debug|Any CPU
		{8FE5D017-E3AB-4766-B4B4-4C0867074D07}.Release|Any CPU.ActiveCfg = Release|Any CPU
		{8FE5D017-E3AB-4766-B4B4-4C0867074D07}.Release|Any CPU.Build.0 = Release|Any CPU
		{9C223141-FEAE-4D10-A2F8-949A82DC67CC}.Debug|Any CPU.ActiveCfg = Debug|Any CPU
		{9C223141-FEAE-4D10-A2F8-949A82DC67CC}.Debug|Any CPU.Build.0 = Debug|Any CPU
		{9C223141-FEAE-4D10-A2F8-949A82DC67CC}.Release|Any CPU.ActiveCfg = Release|Any CPU
		{9C223141-FEAE-4D10-A2F8-949A82DC67CC}.Release|Any CPU.Build.0 = Release|Any CPU
	EndGlobalSection
	GlobalSection(SolutionProperties) = preSolution
		HideSolutionNode = FALSE
	EndGlobalSection
EndGlobal
