
Microsoft Visual Studio Solution File, Format Version 12.00
# Visual Studio 11
Project("{2150E333-8FDC-42A3-9474-1A3956D46DE8}") = "Common", "Common", "{BCB56B89-A101-453C-8DBC-6DA567A5A2C8}"
EndProject
Project("{2150E333-8FDC-42A3-9474-1A3956D46DE8}") = "LocalData", "LocalData", "{DD172300-8A6A-496B-B08B-30B813E6AE9F}"
EndProject
Project("{2150E333-8FDC-42A3-9474-1A3956D46DE8}") = "Data", "Data", "{408CBC57-9235-48CD-B2BF-46A66DC759DA}"
EndProject
Project("{2150E333-8FDC-42A3-9474-1A3956D46DE8}") = "RemoteData", "RemoteData", "{C0D83ED7-2886-454F-848E-BB229C9B9467}"
EndProject
Project("{2150E333-8FDC-42A3-9474-1A3956D46DE8}") = "Tests", "Tests", "{D734B1D6-8F0A-430A-B6B8-8DB4B9C93153}"
EndProject
Project("{2150E333-8FDC-42A3-9474-1A3956D46DE8}") = "Tests", "Tests", "{66829B1E-A6A8-4D72-8AD0-CD4B0ED5C04C}"
EndProject
Project("{FAE04EC0-301F-11D3-BF4B-00C04F79EFBC}") = "ArtekSoftware.Conference.LocalData", "LocalData\WP7\ArtekSoftware.Conference.LocalData\ArtekSoftware.Conference.LocalData.csproj", "{8FE5D017-E3AB-4766-B4B4-4C0867074D07}"
EndProject
Project("{FAE04EC0-301F-11D3-BF4B-00C04F79EFBC}") = "ArtekSoftware.Conference.LocalData.Tests.Int", "LocalData\WP7\ArtekSoftware.Conference.LocalData.Tests.Int\ArtekSoftware.Conference.LocalData.Tests.Int.csproj", "{04EB3E1A-B59A-42B5-BB5F-AEE6A8831288}"
EndProject
Project("{FAE04EC0-301F-11D3-BF4B-00C04F79EFBC}") = "ArtekSoftware.Conference.Common", "Common\WP7\ArtekSoftware.Conference.Common\ArtekSoftware.Conference.Common.csproj", "{9C223141-FEAE-4D10-A2F8-949A82DC67CC}"
EndProject
Project("{FAE04EC0-301F-11D3-BF4B-00C04F79EFBC}") = "ArtekSoftware.Conference.RemoteData", "RemoteData\WP7\ArtekSoftware.Conference.RemoteData\ArtekSoftware.Conference.RemoteData.csproj", "{8A8A7CC8-56A7-4B53-8C45-3A6A7B09F7E3}"
EndProject
Project("{FAE04EC0-301F-11D3-BF4B-00C04F79EFBC}") = "ArtekSoftware.Conference.RemoteData.Tests.Int", "RemoteData\WP7\ArtekSoftware.Conference.RemoteData.Tests.Int\ArtekSoftware.Conference.RemoteData.Tests.Int.csproj", "{36AF85D9-9E6C-4746-93C0-3BD890B35045}"
EndProject
Project("{FAE04EC0-301F-11D3-BF4B-00C04F79EFBC}") = "ArtekSoftware.Conference.RemoteData.Tests.Unit", "RemoteData\WP7\ArtekSoftware.Conference.RemoteData.Tests.Unit\ArtekSoftware.Conference.RemoteData.Tests.Unit.csproj", "{0510DF0A-1BCE-465D-93D4-9FA549C9FB27}"
EndProject
Project("{2150E333-8FDC-42A3-9474-1A3956D46DE8}") = "Data", "Data", "{BD28707D-D497-4389-8544-FD291CD2C97E}"
EndProject
Project("{FAE04EC0-301F-11D3-BF4B-00C04F79EFBC}") = "ArtekSoftware.Conference.Data.Tests.Int", "Data\WP7\ArtekSoftware.Conference.Data.Tests.Int\ArtekSoftware.Conference.Data.Tests.Int.csproj", "{659B8A2C-BF8C-4566-A7F4-934D474150C0}"
EndProject
Project("{FAE04EC0-301F-11D3-BF4B-00C04F79EFBC}") = "ArtekSoftware.Conference.Data", "Data\WP7\ArtekSoftware.Conference.Data\ArtekSoftware.Conference.Data.csproj", "{BB4BC9C7-F160-466B-A43D-A533C574241F}"
EndProject
Project("{2150E333-8FDC-42A3-9474-1A3956D46DE8}") = "Tests", "Tests", "{0D43CC88-8777-423B-8926-99E3E8C56E4C}"
EndProject
Global
	GlobalSection(SolutionConfigurationPlatforms) = preSolution
		Debug|Any CPU = Debug|Any CPU
		Release|Any CPU = Release|Any CPU
	EndGlobalSection
	GlobalSection(ProjectConfigurationPlatforms) = postSolution
		{04EB3E1A-B59A-42B5-BB5F-AEE6A8831288}.Debug|Any CPU.ActiveCfg = Debug|Any CPU
		{04EB3E1A-B59A-42B5-BB5F-AEE6A8831288}.Debug|Any CPU.Build.0 = Debug|Any CPU
		{04EB3E1A-B59A-42B5-BB5F-AEE6A8831288}.Release|Any CPU.ActiveCfg = Release|Any CPU
		{04EB3E1A-B59A-42B5-BB5F-AEE6A8831288}.Release|Any CPU.Build.0 = Release|Any CPU
		{0510DF0A-1BCE-465D-93D4-9FA549C9FB27}.Debug|Any CPU.ActiveCfg = Debug|Any CPU
		{0510DF0A-1BCE-465D-93D4-9FA549C9FB27}.Debug|Any CPU.Build.0 = Debug|Any CPU
		{0510DF0A-1BCE-465D-93D4-9FA549C9FB27}.Release|Any CPU.ActiveCfg = Release|Any CPU
		{0510DF0A-1BCE-465D-93D4-9FA549C9FB27}.Release|Any CPU.Build.0 = Release|Any CPU
		{36AF85D9-9E6C-4746-93C0-3BD890B35045}.Debug|Any CPU.ActiveCfg = Debug|Any CPU
		{36AF85D9-9E6C-4746-93C0-3BD890B35045}.Debug|Any CPU.Build.0 = Debug|Any CPU
		{36AF85D9-9E6C-4746-93C0-3BD890B35045}.Release|Any CPU.ActiveCfg = Release|Any CPU
		{36AF85D9-9E6C-4746-93C0-3BD890B35045}.Release|Any CPU.Build.0 = Release|Any CPU
		{659B8A2C-BF8C-4566-A7F4-934D474150C0}.Debug|Any CPU.ActiveCfg = Debug|Any CPU
		{659B8A2C-BF8C-4566-A7F4-934D474150C0}.Debug|Any CPU.Build.0 = Debug|Any CPU
		{659B8A2C-BF8C-4566-A7F4-934D474150C0}.Release|Any CPU.ActiveCfg = Release|Any CPU
		{659B8A2C-BF8C-4566-A7F4-934D474150C0}.Release|Any CPU.Build.0 = Release|Any CPU
		{8A8A7CC8-56A7-4B53-8C45-3A6A7B09F7E3}.Debug|Any CPU.ActiveCfg = Debug|Any CPU
		{8A8A7CC8-56A7-4B53-8C45-3A6A7B09F7E3}.Debug|Any CPU.Build.0 = Debug|Any CPU
		{8A8A7CC8-56A7-4B53-8C45-3A6A7B09F7E3}.Release|Any CPU.ActiveCfg = Release|Any CPU
		{8A8A7CC8-56A7-4B53-8C45-3A6A7B09F7E3}.Release|Any CPU.Build.0 = Release|Any CPU
		{8FE5D017-E3AB-4766-B4B4-4C0867074D07}.Debug|Any CPU.ActiveCfg = Debug|Any CPU
		{8FE5D017-E3AB-4766-B4B4-4C0867074D07}.Debug|Any CPU.Build.0 = Debug|Any CPU
		{8FE5D017-E3AB-4766-B4B4-4C0867074D07}.Release|Any CPU.ActiveCfg = Release|Any CPU
		{8FE5D017-E3AB-4766-B4B4-4C0867074D07}.Release|Any CPU.Build.0 = Release|Any CPU
		{9C223141-FEAE-4D10-A2F8-949A82DC67CC}.Debug|Any CPU.ActiveCfg = Debug|Any CPU
		{9C223141-FEAE-4D10-A2F8-949A82DC67CC}.Debug|Any CPU.Build.0 = Debug|Any CPU
		{9C223141-FEAE-4D10-A2F8-949A82DC67CC}.Release|Any CPU.ActiveCfg = Release|Any CPU
		{9C223141-FEAE-4D10-A2F8-949A82DC67CC}.Release|Any CPU.Build.0 = Release|Any CPU
		{BB4BC9C7-F160-466B-A43D-A533C574241F}.Debug|Any CPU.ActiveCfg = Debug|Any CPU
		{BB4BC9C7-F160-466B-A43D-A533C574241F}.Debug|Any CPU.Build.0 = Debug|Any CPU
		{BB4BC9C7-F160-466B-A43D-A533C574241F}.Release|Any CPU.ActiveCfg = Release|Any CPU
		{BB4BC9C7-F160-466B-A43D-A533C574241F}.Release|Any CPU.Build.0 = Release|Any CPU
	EndGlobalSection
	GlobalSection(SolutionProperties) = preSolution
		HideSolutionNode = FALSE
	EndGlobalSection
	GlobalSection(NestedProjects) = preSolution
		{04EB3E1A-B59A-42B5-BB5F-AEE6A8831288} = {D734B1D6-8F0A-430A-B6B8-8DB4B9C93153}
		{0510DF0A-1BCE-465D-93D4-9FA549C9FB27} = {66829B1E-A6A8-4D72-8AD0-CD4B0ED5C04C}
		{0D43CC88-8777-423B-8926-99E3E8C56E4C} = {BD28707D-D497-4389-8544-FD291CD2C97E}
		{36AF85D9-9E6C-4746-93C0-3BD890B35045} = {66829B1E-A6A8-4D72-8AD0-CD4B0ED5C04C}
		{659B8A2C-BF8C-4566-A7F4-934D474150C0} = {0D43CC88-8777-423B-8926-99E3E8C56E4C}
		{66829B1E-A6A8-4D72-8AD0-CD4B0ED5C04C} = {C0D83ED7-2886-454F-848E-BB229C9B9467}
		{8A8A7CC8-56A7-4B53-8C45-3A6A7B09F7E3} = {C0D83ED7-2886-454F-848E-BB229C9B9467}
		{8FE5D017-E3AB-4766-B4B4-4C0867074D07} = {DD172300-8A6A-496B-B08B-30B813E6AE9F}
		{9C223141-FEAE-4D10-A2F8-949A82DC67CC} = {BCB56B89-A101-453C-8DBC-6DA567A5A2C8}
		{BB4BC9C7-F160-466B-A43D-A533C574241F} = {BD28707D-D497-4389-8544-FD291CD2C97E}
		{BD28707D-D497-4389-8544-FD291CD2C97E} = {408CBC57-9235-48CD-B2BF-46A66DC759DA}
		{C0D83ED7-2886-454F-848E-BB229C9B9467} = {408CBC57-9235-48CD-B2BF-46A66DC759DA}
		{D734B1D6-8F0A-430A-B6B8-8DB4B9C93153} = {DD172300-8A6A-496B-B08B-30B813E6AE9F}
		{DD172300-8A6A-496B-B08B-30B813E6AE9F} = {408CBC57-9235-48CD-B2BF-46A66DC759DA}
	EndGlobalSection
EndGlobal
